
Microsoft Visual Studio Solution File, Format Version 12.00
# Visual Studio Version 16
VisualStudioVersion = 16.0.28803.202
MinimumVisualStudioVersion = 10.0.40219.1
Project("{FAE04EC0-301F-11D3-BF4B-00C04F79EFBC}") = "SignalR", "SignalR\SignalR.csproj", "{5E09DC9C-40AD-4FE1-A7DD-8690C5CF3CE4}"
EndProject
Global
	GlobalSection(SolutionConfigurationPlatforms) = preSolution
		Debug|Any CPU = Debug|Any CPU
		Release|Any CPU = Release|Any CPU
	EndGlobalSection
	GlobalSection(ProjectConfigurationPlatforms) = postSolution
		{5E09DC9C-40AD-4FE1-A7DD-8690C5CF3CE4}.Debug|Any CPU.ActiveCfg = Debug|Any CPU
		{5E09DC9C-40AD-4FE1-A7DD-8690C5CF3CE4}.Debug|Any CPU.Build.0 = Debug|Any CPU
		{5E09DC9C-40AD-4FE1-A7DD-8690C5CF3CE4}.Release|Any CPU.ActiveCfg = Release|Any CPU
		{5E09DC9C-40AD-4FE1-A7DD-8690C5CF3CE4}.Release|Any CPU.Build.0 = Release|Any CPU
	EndGlobalSection
	GlobalSection(SolutionProperties) = preSolution
		HideSolutionNode = FALSE
	EndGlobalSection
	GlobalSection(ExtensibilityGlobals) = postSolution
		SolutionGuid = {04A1983D-F471-4D3F-B6EE-FD929E7CDDC9}
	EndGlobalSection
EndGlobal
