
Microsoft Visual Studio Solution File, Format Version 12.00
# Visual Studio Version 16
VisualStudioVersion = 16.0.28917.181
MinimumVisualStudioVersion = 10.0.40219.1
Project("{FAE04EC0-301F-11D3-BF4B-00C04F79EFBC}") = "Localization", "Localization\Localization.csproj", "{7ED8C968-2FA7-4D39-ACCF-8F693131D1AB}"
EndProject
Global
	GlobalSection(SolutionConfigurationPlatforms) = preSolution
		Debug|Any CPU = Debug|Any CPU
		Release|Any CPU = Release|Any CPU
	EndGlobalSection
	GlobalSection(ProjectConfigurationPlatforms) = postSolution
		{7ED8C968-2FA7-4D39-ACCF-8F693131D1AB}.Debug|Any CPU.ActiveCfg = Debug|Any CPU
		{7ED8C968-2FA7-4D39-ACCF-8F693131D1AB}.Debug|Any CPU.Build.0 = Debug|Any CPU
		{7ED8C968-2FA7-4D39-ACCF-8F693131D1AB}.Release|Any CPU.ActiveCfg = Release|Any CPU
		{7ED8C968-2FA7-4D39-ACCF-8F693131D1AB}.Release|Any CPU.Build.0 = Release|Any CPU
	EndGlobalSection
	GlobalSection(SolutionProperties) = preSolution
		HideSolutionNode = FALSE
	EndGlobalSection
	GlobalSection(ExtensibilityGlobals) = postSolution
		SolutionGuid = {178E8EFF-FCE7-4746-A989-5B931FD3DBA6}
	EndGlobalSection
EndGlobal
