
Microsoft Visual Studio Solution File, Format Version 12.00
# Visual Studio 15
VisualStudioVersion = 15.0.27130.2010
MinimumVisualStudioVersion = 10.0.40219.1
Project("{FAE04EC0-301F-11D3-BF4B-00C04F79EFBC}") = "ASPNetCoreReact", "ASPNetCoreReact\ASPNetCoreReact.csproj", "{FA0B645F-C796-4DD1-A97C-735D1E837CF8}"
EndProject
Global
	GlobalSection(SolutionConfigurationPlatforms) = preSolution
		Debug|Any CPU = Debug|Any CPU
		Release|Any CPU = Release|Any CPU
	EndGlobalSection
	GlobalSection(ProjectConfigurationPlatforms) = postSolution
		{FA0B645F-C796-4DD1-A97C-735D1E837CF8}.Debug|Any CPU.ActiveCfg = Debug|Any CPU
		{FA0B645F-C796-4DD1-A97C-735D1E837CF8}.Debug|Any CPU.Build.0 = Debug|Any CPU
		{FA0B645F-C796-4DD1-A97C-735D1E837CF8}.Release|Any CPU.ActiveCfg = Release|Any CPU
		{FA0B645F-C796-4DD1-A97C-735D1E837CF8}.Release|Any CPU.Build.0 = Release|Any CPU
	EndGlobalSection
	GlobalSection(SolutionProperties) = preSolution
		HideSolutionNode = FALSE
	EndGlobalSection
	GlobalSection(ExtensibilityGlobals) = postSolution
		SolutionGuid = {7ECC1057-B67E-485F-9CEA-21CBC5707AEE}
	EndGlobalSection
EndGlobal
