
Microsoft Visual Studio Solution File, Format Version 12.00
# Visual Studio 15
VisualStudioVersion = 15.0.27703.2042
MinimumVisualStudioVersion = 10.0.40219.1
Project("{FAE04EC0-301F-11D3-BF4B-00C04F79EFBC}") = "MasstransitDemo", "MasstransitDemo\MasstransitDemo.csproj", "{92C382F3-D3E6-4B36-BC0F-8DE898D9D2E4}"
EndProject
Global
	GlobalSection(SolutionConfigurationPlatforms) = preSolution
		Debug|Any CPU = Debug|Any CPU
		Release|Any CPU = Release|Any CPU
	EndGlobalSection
	GlobalSection(ProjectConfigurationPlatforms) = postSolution
		{92C382F3-D3E6-4B36-BC0F-8DE898D9D2E4}.Debug|Any CPU.ActiveCfg = Debug|Any CPU
		{92C382F3-D3E6-4B36-BC0F-8DE898D9D2E4}.Debug|Any CPU.Build.0 = Debug|Any CPU
		{92C382F3-D3E6-4B36-BC0F-8DE898D9D2E4}.Release|Any CPU.ActiveCfg = Release|Any CPU
		{92C382F3-D3E6-4B36-BC0F-8DE898D9D2E4}.Release|Any CPU.Build.0 = Release|Any CPU
	EndGlobalSection
	GlobalSection(SolutionProperties) = preSolution
		HideSolutionNode = FALSE
	EndGlobalSection
	GlobalSection(ExtensibilityGlobals) = postSolution
		SolutionGuid = {9BB37287-3481-4E8A-9B8D-D5DD31867CC5}
	EndGlobalSection
EndGlobal
