
Microsoft Visual Studio Solution File, Format Version 12.00
# Visual Studio 15
VisualStudioVersion = 15.0.27703.2042
MinimumVisualStudioVersion = 10.0.40219.1
Project("{FAE04EC0-301F-11D3-BF4B-00C04F79EFBC}") = "ConsoleApp6", "ConsoleApp6\ConsoleApp6.csproj", "{51581714-A604-4A9B-8915-1F9BE71EFC01}"
EndProject
Global
	GlobalSection(SolutionConfigurationPlatforms) = preSolution
		Debug|Any CPU = Debug|Any CPU
		Release|Any CPU = Release|Any CPU
	EndGlobalSection
	GlobalSection(ProjectConfigurationPlatforms) = postSolution
		{51581714-A604-4A9B-8915-1F9BE71EFC01}.Debug|Any CPU.ActiveCfg = Debug|Any CPU
		{51581714-A604-4A9B-8915-1F9BE71EFC01}.Debug|Any CPU.Build.0 = Debug|Any CPU
		{51581714-A604-4A9B-8915-1F9BE71EFC01}.Release|Any CPU.ActiveCfg = Release|Any CPU
		{51581714-A604-4A9B-8915-1F9BE71EFC01}.Release|Any CPU.Build.0 = Release|Any CPU
	EndGlobalSection
	GlobalSection(SolutionProperties) = preSolution
		HideSolutionNode = FALSE
	EndGlobalSection
	GlobalSection(ExtensibilityGlobals) = postSolution
		SolutionGuid = {236DC384-155F-4FDE-AE31-38EAF1C89C74}
	EndGlobalSection
EndGlobal
